# THIS IS AN AUTOGENERATED FILE. DO NOT EDIT THIS FILE DIRECTLY.
# yarn lockfile v1


serverless-confirm-command@^1.2.2:
  version "1.2.2"
  resolved "https://registry.yarnpkg.com/serverless-confirm-command/-/serverless-confirm-command-1.2.2.tgz#a74f7051c79f373f31370251857cc43977849f33"
  integrity sha512-Wj7tXaBWDBaYSyfXlH+EpgzZ2o3D57fCsiQrfJuZh4Yq1r8Ds4BK4aS7fKYd/OtAn8xoib57hMpekEHO0Ig4vQ==
