# THIS IS AN AUTOGENERATED FILE. DO NOT EDIT THIS FILE DIRECTLY.
# yarn lockfile v1


serverless-confirm-command@^1.2.2:
  version "1.2.2"
  resolved "https://registry.npmjs.org/serverless-confirm-command/-/serverless-confirm-command-1.2.2.tgz"
  integrity sha512-Wj7tXaBWDBaYSyfXlH+EpgzZ2o3D57fCsiQrfJuZh4Yq1r8Ds4BK4aS7fKYd/OtAn8xoib57hMpekEHO0Ig4vQ==
